
Microsoft Visual Studio Solution File, Format Version 12.00
# Visual Studio 15
Project("{FAE04EC0-301F-11D3-BF4B-00C04F79EFBC}") = "Assembly-CSharp", "Assembly-CSharp.csproj", "{76A7FA0B-6804-3517-BAD6-D1692E090CAC}"
EndProject
Project("{FAE04EC0-301F-11D3-BF4B-00C04F79EFBC}") = "Assembly-CSharp-Editor", "Assembly-CSharp-Editor.csproj", "{1E677F99-BF46-372C-0B03-ECE2E0FC413C}"
EndProject
Global
	GlobalSection(SolutionConfigurationPlatforms) = preSolution
		Debug|Any CPU = Debug|Any CPU
		Release|Any CPU = Release|Any CPU
	EndGlobalSection
	GlobalSection(ProjectConfigurationPlatforms) = postSolution
		{76A7FA0B-6804-3517-BAD6-D1692E090CAC}.Debug|Any CPU.ActiveCfg = Debug|Any CPU
		{76A7FA0B-6804-3517-BAD6-D1692E090CAC}.Debug|Any CPU.Build.0 = Debug|Any CPU
		{76A7FA0B-6804-3517-BAD6-D1692E090CAC}.Release|Any CPU.ActiveCfg = Release|Any CPU
		{76A7FA0B-6804-3517-BAD6-D1692E090CAC}.Release|Any CPU.Build.0 = Release|Any CPU
		{1E677F99-BF46-372C-0B03-ECE2E0FC413C}.Debug|Any CPU.ActiveCfg = Debug|Any CPU
		{1E677F99-BF46-372C-0B03-ECE2E0FC413C}.Debug|Any CPU.Build.0 = Debug|Any CPU
		{1E677F99-BF46-372C-0B03-ECE2E0FC413C}.Release|Any CPU.ActiveCfg = Release|Any CPU
		{1E677F99-BF46-372C-0B03-ECE2E0FC413C}.Release|Any CPU.Build.0 = Release|Any CPU
	EndGlobalSection
	GlobalSection(SolutionProperties) = preSolution
		HideSolutionNode = FALSE
	EndGlobalSection
EndGlobal
